Microsoft Visual Studio Solution File, Format Version 12.00
# Visual Studio Version 17
VisualStudioVersion = 17.5.2.0
MinimumVisualStudioVersion = 10.0.40219.1
Project("{FAE04EC0-301F-11D3-BF4B-00C04F79EFBC}") = "Homepage", "Homepage\Homepage.csproj", "{35F72C91-BC88-4AEF-7CB5-26FB7291A21A}"
EndProject
Global
	GlobalSection(SolutionConfigurationPlatforms) = preSolution
		Debug|Any CPU = Debug|Any CPU
		Release|Any CPU = Release|Any CPU
	EndGlobalSection
	GlobalSection(ProjectConfigurationPlatforms) = postSolution
		{35F72C91-BC88-4AEF-7CB5-26FB7291A21A}.Debug|Any CPU.ActiveCfg = Debug|Any CPU
		{35F72C91-BC88-4AEF-7CB5-26FB7291A21A}.Debug|Any CPU.Build.0 = Debug|Any CPU
		{35F72C91-BC88-4AEF-7CB5-26FB7291A21A}.Release|Any CPU.ActiveCfg = Release|Any CPU
		{35F72C91-BC88-4AEF-7CB5-26FB7291A21A}.Release|Any CPU.Build.0 = Release|Any CPU
	EndGlobalSection
	GlobalSection(SolutionProperties) = preSolution
		HideSolutionNode = FALSE
	EndGlobalSection
	GlobalSection(ExtensibilityGlobals) = postSolution
		SolutionGuid = {10C2D1B5-F6C3-4E45-A8BE-21130DC8B904}
	EndGlobalSection
EndGlobal
